{
    "_readme": [
        "This file locks the dependencies of your project to a known state",
        "Read more about it at https://getcomposer.org/doc/01-basic-usage.md#installing-dependencies",
        "This file is @generated automatically"
    ],
    "content-hash": "8f76cbe0e4a4d55311604bb9138c49bd",
    "packages": [
        {
            "name": "kyle-niemiec/wp-plugin-framework",
            "version": "1.2.1",
            "source": {
                "type": "git",
                "url": "https://github.com/kyle-niemiec/wp-plugin-framework.git",
                "reference": "9493f96cadaaac4bfac35750b2717ca0a204c3b9"
            },
            "dist": {
                "type": "zip",
                "url": "https://api.github.com/repos/kyle-niemiec/wp-plugin-framework/zipball/9493f96cadaaac4bfac35750b2717ca0a204c3b9",
                "reference": "9493f96cadaaac4bfac35750b2717ca0a204c3b9",
                "shasum": ""
            },
            "require-dev": {
                "code-lts/doctum": "^5.5",
                "symfony/console": "^6.4"
            },
            "bin": [
                "bin/wppf"
            ],
            "type": "library",
            "autoload": {
                "psr-4": {
                    "WPPF\\": ""
                }
            },
            "notification-url": "https://packagist.org/downloads/",
            "license": [
                "GPL-3.0"
            ],
            "authors": [
                {
                    "name": "Kyle Niemiec",
                    "email": "kyle@codeflower.io"
                }
            ],
            "description": "My framework for facilitating WordPress plugin development.",
            "support": {
                "source": "https://github.com/kyle-niemiec/wp-plugin-framework/tree/v1.2.1"
            },
            "time": "2026-01-25T12:01:41+00:00"
        },
        {
            "name": "kyle-niemiec/wppf-update-helper",
            "version": "1.0.2",
            "source": {
                "type": "git",
                "url": "https://github.com/kyle-niemiec/wppf-update-helper.git",
                "reference": "58a0c26091e0968810cabedb973832bd3b12d760"
            },
            "dist": {
                "type": "zip",
                "url": "https://api.github.com/repos/kyle-niemiec/wppf-update-helper/zipball/58a0c26091e0968810cabedb973832bd3b12d760",
                "reference": "58a0c26091e0968810cabedb973832bd3b12d760",
                "shasum": ""
            },
            "require": {
                "kyle-niemiec/wp-plugin-framework": "^1.2"
            },
            "type": "library",
            "notification-url": "https://packagist.org/downloads/",
            "license": [
                "GPL-3.0"
            ],
            "authors": [
                {
                    "name": "Kyle Niemiec",
                    "email": "kyle@codeflower.io"
                }
            ],
            "description": "A small, importable framework for integrating a WPPF plugin with the WordPress Plugin Update Server.",
            "support": {
                "source": "https://github.com/kyle-niemiec/wppf-update-helper/tree/v1.0.2"
            },
            "time": "2026-01-25T12:05:09+00:00"
        }
    ],
    "packages-dev": [],
    "aliases": [],
    "minimum-stability": "stable",
    "stability-flags": {},
    "prefer-stable": false,
    "prefer-lowest": false,
    "platform": {},
    "platform-dev": {},
    "plugin-api-version": "2.9.0"
}
